
Microsoft Visual Studio Solution File, Format Version 12.00
# Visual Studio Version 17
VisualStudioVersion = 17.0.31903.59
MinimumVisualStudioVersion = 10.0.40219.1
Project("{FAE04EC0-301F-11D3-BF4B-00C04F79EFBC}") = "API", "API\API.csproj", "{B5709FA6-BC32-443A-9D37-A49023658A65}"
EndProject
Project("{FAE04EC0-301F-11D3-BF4B-00C04F79EFBC}") = "Application", "Application\Application.csproj", "{DA75D7EA-D841-4B37-85C8-086E4CB55CA0}"
EndProject
Project("{FAE04EC0-301F-11D3-BF4B-00C04F79EFBC}") = "Domain", "Domain\Domain.csproj", "{A11C2300-FE33-4D4F-A5DA-F2B4CEA45DAB}"
EndProject
Project("{FAE04EC0-301F-11D3-BF4B-00C04F79EFBC}") = "Persistence", "Persistence\Persistence.csproj", "{DA805DBA-3D21-4346-9761-BAB66279776C}"
EndProject
Global
	GlobalSection(SolutionConfigurationPlatforms) = preSolution
		Debug|Any CPU = Debug|Any CPU
		Release|Any CPU = Release|Any CPU
	EndGlobalSection
	GlobalSection(SolutionProperties) = preSolution
		HideSolutionNode = FALSE
	EndGlobalSection
	GlobalSection(ProjectConfigurationPlatforms) = postSolution
		{B5709FA6-BC32-443A-9D37-A49023658A65}.Debug|Any CPU.ActiveCfg = Debug|Any CPU
		{B5709FA6-BC32-443A-9D37-A49023658A65}.Debug|Any CPU.Build.0 = Debug|Any CPU
		{B5709FA6-BC32-443A-9D37-A49023658A65}.Release|Any CPU.ActiveCfg = Release|Any CPU
		{B5709FA6-BC32-443A-9D37-A49023658A65}.Release|Any CPU.Build.0 = Release|Any CPU
		{DA75D7EA-D841-4B37-85C8-086E4CB55CA0}.Debug|Any CPU.ActiveCfg = Debug|Any CPU
		{DA75D7EA-D841-4B37-85C8-086E4CB55CA0}.Debug|Any CPU.Build.0 = Debug|Any CPU
		{DA75D7EA-D841-4B37-85C8-086E4CB55CA0}.Release|Any CPU.ActiveCfg = Release|Any CPU
		{DA75D7EA-D841-4B37-85C8-086E4CB55CA0}.Release|Any CPU.Build.0 = Release|Any CPU
		{A11C2300-FE33-4D4F-A5DA-F2B4CEA45DAB}.Debug|Any CPU.ActiveCfg = Debug|Any CPU
		{A11C2300-FE33-4D4F-A5DA-F2B4CEA45DAB}.Debug|Any CPU.Build.0 = Debug|Any CPU
		{A11C2300-FE33-4D4F-A5DA-F2B4CEA45DAB}.Release|Any CPU.ActiveCfg = Release|Any CPU
		{A11C2300-FE33-4D4F-A5DA-F2B4CEA45DAB}.Release|Any CPU.Build.0 = Release|Any CPU
		{DA805DBA-3D21-4346-9761-BAB66279776C}.Debug|Any CPU.ActiveCfg = Debug|Any CPU
		{DA805DBA-3D21-4346-9761-BAB66279776C}.Debug|Any CPU.Build.0 = Debug|Any CPU
		{DA805DBA-3D21-4346-9761-BAB66279776C}.Release|Any CPU.ActiveCfg = Release|Any CPU
		{DA805DBA-3D21-4346-9761-BAB66279776C}.Release|Any CPU.Build.0 = Release|Any CPU
	EndGlobalSection
EndGlobal
